
Microsoft Visual Studio Solution File, Format Version 12.00
Project("{FAE04EC0-301F-11D3-BF4B-00C04F79EFBC}") = "WebApp", "WebApp\WebApp.csproj", "{E333009F-FBD8-4B46-B327-4D6D879AFAC7}"
EndProject
Project("{FAE04EC0-301F-11D3-BF4B-00C04F79EFBC}") = "WebApp.Application", "WebApp.Application\WebApp.Application.csproj", "{E0B0B90B-2C21-45C1-950B-A5B1C97F9772}"
EndProject
Project("{FAE04EC0-301F-11D3-BF4B-00C04F79EFBC}") = "WebApp.Core", "WebApp.Core\WebApp.Core.csproj", "{EADFBCF7-1C50-4EE3-A8D1-850F2446384A}"
EndProject
Project("{FAE04EC0-301F-11D3-BF4B-00C04F79EFBC}") = "WebApp.Infrastructure", "WebApp.Infrastructure\WebApp.Infrastructure.csproj", "{148E3BD4-828A-452C-9858-717457C55703}"
EndProject
Global
	GlobalSection(SolutionConfigurationPlatforms) = preSolution
		Debug|Any CPU = Debug|Any CPU
		Release|Any CPU = Release|Any CPU
	EndGlobalSection
	GlobalSection(ProjectConfigurationPlatforms) = postSolution
		{E333009F-FBD8-4B46-B327-4D6D879AFAC7}.Debug|Any CPU.ActiveCfg = Debug|Any CPU
		{E333009F-FBD8-4B46-B327-4D6D879AFAC7}.Debug|Any CPU.Build.0 = Debug|Any CPU
		{E333009F-FBD8-4B46-B327-4D6D879AFAC7}.Release|Any CPU.ActiveCfg = Release|Any CPU
		{E333009F-FBD8-4B46-B327-4D6D879AFAC7}.Release|Any CPU.Build.0 = Release|Any CPU
		{E0B0B90B-2C21-45C1-950B-A5B1C97F9772}.Debug|Any CPU.ActiveCfg = Debug|Any CPU
		{E0B0B90B-2C21-45C1-950B-A5B1C97F9772}.Debug|Any CPU.Build.0 = Debug|Any CPU
		{E0B0B90B-2C21-45C1-950B-A5B1C97F9772}.Release|Any CPU.ActiveCfg = Release|Any CPU
		{E0B0B90B-2C21-45C1-950B-A5B1C97F9772}.Release|Any CPU.Build.0 = Release|Any CPU
		{EADFBCF7-1C50-4EE3-A8D1-850F2446384A}.Debug|Any CPU.ActiveCfg = Debug|Any CPU
		{EADFBCF7-1C50-4EE3-A8D1-850F2446384A}.Debug|Any CPU.Build.0 = Debug|Any CPU
		{EADFBCF7-1C50-4EE3-A8D1-850F2446384A}.Release|Any CPU.ActiveCfg = Release|Any CPU
		{EADFBCF7-1C50-4EE3-A8D1-850F2446384A}.Release|Any CPU.Build.0 = Release|Any CPU
		{148E3BD4-828A-452C-9858-717457C55703}.Debug|Any CPU.ActiveCfg = Debug|Any CPU
		{148E3BD4-828A-452C-9858-717457C55703}.Debug|Any CPU.Build.0 = Debug|Any CPU
		{148E3BD4-828A-452C-9858-717457C55703}.Release|Any CPU.ActiveCfg = Release|Any CPU
		{148E3BD4-828A-452C-9858-717457C55703}.Release|Any CPU.Build.0 = Release|Any CPU
	EndGlobalSection
EndGlobal
